// !$*UTF8*$!
{
	archiveVersion = 1;
	classes = {
	};
	objectVersion = 56;
	objects = {

/* Begin PBXBuildFile section */
		7B832EA22AD660B90038F809 /* AppDelegate.swift in Sources */ = {isa = PBXBuildFile; fileRef = 7B832EA12AD660B90038F809 /* AppDelegate.swift */; };
		7B832EA42AD660B90038F809 /* SceneDelegate.swift in Sources */ = {isa = PBXBuildFile; fileRef = 7B832EA32AD660B90038F809 /* SceneDelegate.swift */; };
		7B832EAB2AD660BD0038F809 /* Assets.xcassets in Resources */ = {isa = PBXBuildFile; fileRef = 7B832EAA2AD660BD0038F809 /* Assets.xcassets */; };
		7B832EAE2AD660BD0038F809 /* LaunchScreen.storyboard in Resources */ = {isa = PBXBuildFile; fileRef = 7B832EAC2AD660BD0038F809 /* LaunchScreen.storyboard */; };
		7B832EB92AD662040038F809 /* HomeViewViewController.swift in Sources */ = {isa = PBXBuildFile; fileRef = 7B832EB72AD662040038F809 /* HomeViewViewController.swift */; };
		7B832EBA2AD662040038F809 /* HomeViewViewController.xib in Resources */ = {isa = PBXBuildFile; fileRef = 7B832EB82AD662040038F809 /* HomeViewViewController.xib */; };
		7B832EBE2AD662CA0038F809 /* HomeViewRouter.swift in Sources */ = {isa = PBXBuildFile; fileRef = 7B832EBD2AD662CA0038F809 /* HomeViewRouter.swift */; };
		7B832EC12AD664240038F809 /* HomeViewViewModel.swift in Sources */ = {isa = PBXBuildFile; fileRef = 7B832EC02AD664240038F809 /* HomeViewViewModel.swift */; };
		7B89EE192AE1D58D00BD5632 /* Constants.swift in Sources */ = {isa = PBXBuildFile; fileRef = 7B89EE182AE1D58D00BD5632 /* Constants.swift */; };
		7BED47022AE796C5006B69AF /* ManagerConnections.swift in Sources */ = {isa = PBXBuildFile; fileRef = 7BED47012AE796C5006B69AF /* ManagerConnections.swift */; };
		7BED47042AE7A0EC006B69AF /* Movies.swift in Sources */ = {isa = PBXBuildFile; fileRef = 7BED47032AE7A0EC006B69AF /* Movies.swift */; };
		9B6AF0562AF874F300A625C5 /* CustomMovieCell.swift in Sources */ = {isa = PBXBuildFile; fileRef = 9B6AF0542AF874F300A625C5 /* CustomMovieCell.swift */; };
		9B6AF0572AF874F300A625C5 /* CustomMovieCell.xib in Resources */ = {isa = PBXBuildFile; fileRef = 9B6AF0552AF874F300A625C5 /* CustomMovieCell.xib */; };
		9B6AF05A2AF87C6F00A625C5 /* Extensions.swift in Sources */ = {isa = PBXBuildFile; fileRef = 9B6AF0592AF87C6F00A625C5 /* Extensions.swift */; };
		9D76CB973FBCB2926DBCC3DD /* Pods_FilmsApp.framework in Frameworks */ = {isa = PBXBuildFile; fileRef = 7341ECA0766770F9B5EA78A8 /* Pods_FilmsApp.framework */; };
/* End PBXBuildFile section */

/* Begin PBXFileReference section */
		2DB5E7403A68F2A7A29A2DAC /* Pods-FilmsApp.debug.xcconfig */ = {isa = PBXFileReference; includeInIndex = 1; lastKnownFileType = text.xcconfig; name = "Pods-FilmsApp.debug.xcconfig"; path = "Target Support Files/Pods-FilmsApp/Pods-FilmsApp.debug.xcconfig"; sourceTree = "<group>"; };
		2DB8430934053BFFF117E859 /* Pods-FilmsApp.release.xcconfig */ = {isa = PBXFileReference; includeInIndex = 1; lastKnownFileType = text.xcconfig; name = "Pods-FilmsApp.release.xcconfig"; path = "Target Support Files/Pods-FilmsApp/Pods-FilmsApp.release.xcconfig"; sourceTree = "<group>"; };
		7341ECA0766770F9B5EA78A8 /* Pods_FilmsApp.framework */ = {isa = PBXFileReference; explicitFileType = wrapper.framework; includeInIndex = 0; path = Pods_FilmsApp.framework; sourceTree = BUILT_PRODUCTS_DIR; };
		7B832E9E2AD660B90038F809 /* FilmsApp.app */ = {isa = PBXFileReference; explicitFileType = wrapper.application; includeInIndex = 0; path = FilmsApp.app; sourceTree = BUILT_PRODUCTS_DIR; };
		7B832EA12AD660B90038F809 /* AppDelegate.swift */ = {isa = PBXFileReference; lastKnownFileType = sourcecode.swift; path = AppDelegate.swift; sourceTree = "<group>"; };
		7B832EA32AD660B90038F809 /* SceneDelegate.swift */ = {isa = PBXFileReference; lastKnownFileType = sourcecode.swift; path = SceneDelegate.swift; sourceTree = "<group>"; };
		7B832EAA2AD660BD0038F809 /* Assets.xcassets */ = {isa = PBXFileReference; lastKnownFileType = folder.assetcatalog; path = Assets.xcassets; sourceTree = "<group>"; };
		7B832EAD2AD660BD0038F809 /* Base */ = {isa = PBXFileReference; lastKnownFileType = file.storyboard; name = Base; path = Base.lproj/LaunchScreen.storyboard; sourceTree = "<group>"; };
		7B832EAF2AD660BD0038F809 /* Info.plist */ = {isa = PBXFileReference; lastKnownFileType = text.plist.xml; path = Info.plist; sourceTree = "<group>"; };
		7B832EB72AD662040038F809 /* HomeViewViewController.swift */ = {isa = PBXFileReference; lastKnownFileType = sourcecode.swift; path = HomeViewViewController.swift; sourceTree = "<group>"; };
		7B832EB82AD662040038F809 /* HomeViewViewController.xib */ = {isa = PBXFileReference; lastKnownFileType = file.xib; path = HomeViewViewController.xib; sourceTree = "<group>"; };
		7B832EBD2AD662CA0038F809 /* HomeViewRouter.swift */ = {isa = PBXFileReference; lastKnownFileType = sourcecode.swift; path = HomeViewRouter.swift; sourceTree = "<group>"; };
		7B832EC02AD664240038F809 /* HomeViewViewModel.swift */ = {isa = PBXFileReference; lastKnownFileType = sourcecode.swift; path = HomeViewViewModel.swift; sourceTree = "<group>"; };
		7B89EE182AE1D58D00BD5632 /* Constants.swift */ = {isa = PBXFileReference; lastKnownFileType = sourcecode.swift; path = Constants.swift; sourceTree = "<group>"; };
		7BED47012AE796C5006B69AF /* ManagerConnections.swift */ = {isa = PBXFileReference; lastKnownFileType = sourcecode.swift; path = ManagerConnections.swift; sourceTree = "<group>"; };
		7BED47032AE7A0EC006B69AF /* Movies.swift */ = {isa = PBXFileReference; lastKnownFileType = sourcecode.swift; path = Movies.swift; sourceTree = "<group>"; };
		9B6AF0542AF874F300A625C5 /* CustomMovieCell.swift */ = {isa = PBXFileReference; lastKnownFileType = sourcecode.swift; path = CustomMovieCell.swift; sourceTree = "<group>"; };
		9B6AF0552AF874F300A625C5 /* CustomMovieCell.xib */ = {isa = PBXFileReference; lastKnownFileType = file.xib; path = CustomMovieCell.xib; sourceTree = "<group>"; };
		9B6AF0592AF87C6F00A625C5 /* Extensions.swift */ = {isa = PBXFileReference; lastKnownFileType = sourcecode.swift; path = Extensions.swift; sourceTree = "<group>"; };
/* End PBXFileReference section */

/* Begin PBXFrameworksBuildPhase section */
		7B832E9B2AD660B90038F809 /* Frameworks */ = {
			isa = PBXFrameworksBuildPhase;
			buildActionMask = 2147483647;
			files = (
				9D76CB973FBCB2926DBCC3DD /* Pods_FilmsApp.framework in Frameworks */,
			);
			runOnlyForDeploymentPostprocessing = 0;
		};
/* End PBXFrameworksBuildPhase section */

/* Begin PBXGroup section */
		4D61E9C3E1C96EE3C02A61CF /* Frameworks */ = {
			isa = PBXGroup;
			children = (
				7341ECA0766770F9B5EA78A8 /* Pods_FilmsApp.framework */,
			);
			name = Frameworks;
			sourceTree = "<group>";
		};
		7B832E952AD660B90038F809 = {
			isa = PBXGroup;
			children = (
				7B832EA02AD660B90038F809 /* FilmsApp */,
				7B832E9F2AD660B90038F809 /* Products */,
				C1142D90CE00381F2C6E39D7 /* Pods */,
				4D61E9C3E1C96EE3C02A61CF /* Frameworks */,
			);
			sourceTree = "<group>";
		};
		7B832E9F2AD660B90038F809 /* Products */ = {
			isa = PBXGroup;
			children = (
				7B832E9E2AD660B90038F809 /* FilmsApp.app */,
			);
			name = Products;
			sourceTree = "<group>";
		};
		7B832EA02AD660B90038F809 /* FilmsApp */ = {
			isa = PBXGroup;
			children = (
				7B832EA12AD660B90038F809 /* AppDelegate.swift */,
				7B832EA32AD660B90038F809 /* SceneDelegate.swift */,
				7BED47002AE79631006B69AF /* NetworkManager */,
				7B89EE172AE1D55500BD5632 /* Commons */,
				7B832EB52AD660C50038F809 /* HomeView */,
				7B832EB62AD660CF0038F809 /* DetailView */,
				7B832EAA2AD660BD0038F809 /* Assets.xcassets */,
				7B832EAC2AD660BD0038F809 /* LaunchScreen.storyboard */,
				7B832EAF2AD660BD0038F809 /* Info.plist */,
			);
			path = FilmsApp;
			sourceTree = "<group>";
		};
		7B832EB52AD660C50038F809 /* HomeView */ = {
			isa = PBXGroup;
			children = (
				7B832EC22AD6642B0038F809 /* Model */,
				7B832EBB2AD662B10038F809 /* View */,
				7B832EBF2AD664060038F809 /* ViewModel */,
				7B832EBC2AD662B80038F809 /* Router */,
			);
			path = HomeView;
			sourceTree = "<group>";
		};
		7B832EB62AD660CF0038F809 /* DetailView */ = {
			isa = PBXGroup;
			children = (
			);
			path = DetailView;
			sourceTree = "<group>";
		};
		7B832EBB2AD662B10038F809 /* View */ = {
			isa = PBXGroup;
			children = (
				7B832EB72AD662040038F809 /* HomeViewViewController.swift */,
				7B832EB82AD662040038F809 /* HomeViewViewController.xib */,
				9B6AF0542AF874F300A625C5 /* CustomMovieCell.swift */,
				9B6AF0552AF874F300A625C5 /* CustomMovieCell.xib */,
			);
			path = View;
			sourceTree = "<group>";
		};
		7B832EBC2AD662B80038F809 /* Router */ = {
			isa = PBXGroup;
			children = (
				7B832EBD2AD662CA0038F809 /* HomeViewRouter.swift */,
			);
			path = Router;
			sourceTree = "<group>";
		};
		7B832EBF2AD664060038F809 /* ViewModel */ = {
			isa = PBXGroup;
			children = (
				7B832EC02AD664240038F809 /* HomeViewViewModel.swift */,
			);
			path = ViewModel;
			sourceTree = "<group>";
		};
		7B832EC22AD6642B0038F809 /* Model */ = {
			isa = PBXGroup;
			children = (
				7BED47032AE7A0EC006B69AF /* Movies.swift */,
			);
			path = Model;
			sourceTree = "<group>";
		};
		7B89EE172AE1D55500BD5632 /* Commons */ = {
			isa = PBXGroup;
			children = (
				9B6AF0582AF87C2400A625C5 /* Extensions */,
				7B89EE182AE1D58D00BD5632 /* Constants.swift */,
			);
			path = Commons;
			sourceTree = "<group>";
		};
		7BED47002AE79631006B69AF /* NetworkManager */ = {
			isa = PBXGroup;
			children = (
				7BED47012AE796C5006B69AF /* ManagerConnections.swift */,
			);
			path = NetworkManager;
			sourceTree = "<group>";
		};
		9B6AF0582AF87C2400A625C5 /* Extensions */ = {
			isa = PBXGroup;
			children = (
				9B6AF0592AF87C6F00A625C5 /* Extensions.swift */,
			);
			path = Extensions;
			sourceTree = "<group>";
		};
		C1142D90CE00381F2C6E39D7 /* Pods */ = {
			isa = PBXGroup;
			children = (
				2DB5E7403A68F2A7A29A2DAC /* Pods-FilmsApp.debug.xcconfig */,
				2DB8430934053BFFF117E859 /* Pods-FilmsApp.release.xcconfig */,
			);
			path = Pods;
			sourceTree = "<group>";
		};
/* End PBXGroup section */

/* Begin PBXNativeTarget section */
		7B832E9D2AD660B90038F809 /* FilmsApp */ = {
			isa = PBXNativeTarget;
			buildConfigurationList = 7B832EB22AD660BD0038F809 /* Build configuration list for PBXNativeTarget "FilmsApp" */;
			buildPhases = (
				C040CA33FDA922ED355F9F50 /* [CP] Check Pods Manifest.lock */,
				7B832E9A2AD660B90038F809 /* Sources */,
				7B832E9B2AD660B90038F809 /* Frameworks */,
				7B832E9C2AD660B90038F809 /* Resources */,
				22C69287030E9F91AEF88D0F /* [CP] Embed Pods Frameworks */,
			);
			buildRules = (
			);
			dependencies = (
			);
			name = FilmsApp;
			productName = FilmsApp;
			productReference = 7B832E9E2AD660B90038F809 /* FilmsApp.app */;
			productType = "com.apple.product-type.application";
		};
/* End PBXNativeTarget section */

/* Begin PBXProject section */
		7B832E962AD660B90038F809 /* Project object */ = {
			isa = PBXProject;
			attributes = {
				BuildIndependentTargetsInParallel = 1;
				LastSwiftUpdateCheck = 1410;
				LastUpgradeCheck = 1410;
				TargetAttributes = {
					7B832E9D2AD660B90038F809 = {
						CreatedOnToolsVersion = 14.1;
					};
				};
			};
			buildConfigurationList = 7B832E992AD660B90038F809 /* Build configuration list for PBXProject "FilmsApp" */;
			compatibilityVersion = "Xcode 14.0";
			developmentRegion = en;
			hasScannedForEncodings = 0;
			knownRegions = (
				en,
				Base,
			);
			mainGroup = 7B832E952AD660B90038F809;
			productRefGroup = 7B832E9F2AD660B90038F809 /* Products */;
			projectDirPath = "";
			projectRoot = "";
			targets = (
				7B832E9D2AD660B90038F809 /* FilmsApp */,
			);
		};
/* End PBXProject section */

/* Begin PBXResourcesBuildPhase section */
		7B832E9C2AD660B90038F809 /* Resources */ = {
			isa = PBXResourcesBuildPhase;
			buildActionMask = 2147483647;
			files = (
				7B832EBA2AD662040038F809 /* HomeViewViewController.xib in Resources */,
				7B832EAE2AD660BD0038F809 /* LaunchScreen.storyboard in Resources */,
				7B832EAB2AD660BD0038F809 /* Assets.xcassets in Resources */,
				9B6AF0572AF874F300A625C5 /* CustomMovieCell.xib in Resources */,
			);
			runOnlyForDeploymentPostprocessing = 0;
		};
/* End PBXResourcesBuildPhase section */

/* Begin PBXShellScriptBuildPhase section */
		22C69287030E9F91AEF88D0F /* [CP] Embed Pods Frameworks */ = {
			isa = PBXShellScriptBuildPhase;
			buildActionMask = 2147483647;
			files = (
			);
			inputFileListPaths = (
				"${PODS_ROOT}/Target Support Files/Pods-FilmsApp/Pods-FilmsApp-frameworks-${CONFIGURATION}-input-files.xcfilelist",
			);
			name = "[CP] Embed Pods Frameworks";
			outputFileListPaths = (
				"${PODS_ROOT}/Target Support Files/Pods-FilmsApp/Pods-FilmsApp-frameworks-${CONFIGURATION}-output-files.xcfilelist",
			);
			runOnlyForDeploymentPostprocessing = 0;
			shellPath = /bin/sh;
			shellScript = "\"${PODS_ROOT}/Target Support Files/Pods-FilmsApp/Pods-FilmsApp-frameworks.sh\"\n";
			showEnvVarsInLog = 0;
		};
		C040CA33FDA922ED355F9F50 /* [CP] Check Pods Manifest.lock */ = {
			isa = PBXShellScriptBuildPhase;
			buildActionMask = 2147483647;
			files = (
			);
			inputFileListPaths = (
			);
			inputPaths = (
				"${PODS_PODFILE_DIR_PATH}/Podfile.lock",
				"${PODS_ROOT}/Manifest.lock",
			);
			name = "[CP] Check Pods Manifest.lock";
			outputFileListPaths = (
			);
			outputPaths = (
				"$(DERIVED_FILE_DIR)/Pods-FilmsApp-checkManifestLockResult.txt",
			);
			runOnlyForDeploymentPostprocessing = 0;
			shellPath = /bin/sh;
			shellScript = "diff \"${PODS_PODFILE_DIR_PATH}/Podfile.lock\" \"${PODS_ROOT}/Manifest.lock\" > /dev/null\nif [ $? != 0 ] ; then\n    # print error to STDERR\n    echo \"error: The sandbox is not in sync with the Podfile.lock. Run 'pod install' or update your CocoaPods installation.\" >&2\n    exit 1\nfi\n# This output is used by Xcode 'outputs' to avoid re-running this script phase.\necho \"SUCCESS\" > \"${SCRIPT_OUTPUT_FILE_0}\"\n";
			showEnvVarsInLog = 0;
		};
/* End PBXShellScriptBuildPhase section */

/* Begin PBXSourcesBuildPhase section */
		7B832E9A2AD660B90038F809 /* Sources */ = {
			isa = PBXSourcesBuildPhase;
			buildActionMask = 2147483647;
			files = (
				7B832EC12AD664240038F809 /* HomeViewViewModel.swift in Sources */,
				7B832EBE2AD662CA0038F809 /* HomeViewRouter.swift in Sources */,
				7BED47042AE7A0EC006B69AF /* Movies.swift in Sources */,
				7B832EA22AD660B90038F809 /* AppDelegate.swift in Sources */,
				7BED47022AE796C5006B69AF /* ManagerConnections.swift in Sources */,
				9B6AF05A2AF87C6F00A625C5 /* Extensions.swift in Sources */,
				9B6AF0562AF874F300A625C5 /* CustomMovieCell.swift in Sources */,
				7B832EB92AD662040038F809 /* HomeViewViewController.swift in Sources */,
				7B832EA42AD660B90038F809 /* SceneDelegate.swift in Sources */,
				7B89EE192AE1D58D00BD5632 /* Constants.swift in Sources */,
			);
			runOnlyForDeploymentPostprocessing = 0;
		};
/* End PBXSourcesBuildPhase section */

/* Begin PBXVariantGroup section */
		7B832EAC2AD660BD0038F809 /* LaunchScreen.storyboard */ = {
			isa = PBXVariantGroup;
			children = (
				7B832EAD2AD660BD0038F809 /* Base */,
			);
			name = LaunchScreen.storyboard;
			sourceTree = "<group>";
		};
/* End PBXVariantGroup section */

/* Begin XCBuildConfiguration section */
		7B832EB02AD660BD0038F809 /* Debug */ = {
			isa = XCBuildConfiguration;
			buildSettings = {
				ALWAYS_SEARCH_USER_PATHS = NO;
				CLANG_ANALYZER_NONNULL = YES;
				CLANG_ANALYZER_NUMBER_OBJECT_CONVERSION = YES_AGGRESSIVE;
				CLANG_CXX_LANGUAGE_STANDARD = "gnu++20";
				CLANG_ENABLE_MODULES = YES;
				CLANG_ENABLE_OBJC_ARC = YES;
				CLANG_ENABLE_OBJC_WEAK = YES;
				CLANG_WARN_BLOCK_CAPTURE_AUTORELEASING = YES;
				CLANG_WARN_BOOL_CONVERSION = YES;
				CLANG_WARN_COMMA = YES;
				CLANG_WARN_CONSTANT_CONVERSION = YES;
				CLANG_WARN_DEPRECATED_OBJC_IMPLEMENTATIONS = YES;
				CLANG_WARN_DIRECT_OBJC_ISA_USAGE = YES_ERROR;
				CLANG_WARN_DOCUMENTATION_COMMENTS = YES;
				CLANG_WARN_EMPTY_BODY = YES;
				CLANG_WARN_ENUM_CONVERSION = YES;
				CLANG_WARN_INFINITE_RECURSION = YES;
				CLANG_WARN_INT_CONVERSION = YES;
				CLANG_WARN_NON_LITERAL_NULL_CONVERSION = YES;
				CLANG_WARN_OBJC_IMPLICIT_RETAIN_SELF = YES;
				CLANG_WARN_OBJC_LITERAL_CONVERSION = YES;
				CLANG_WARN_OBJC_ROOT_CLASS = YES_ERROR;
				CLANG_WARN_QUOTED_INCLUDE_IN_FRAMEWORK_HEADER = YES;
				CLANG_WARN_RANGE_LOOP_ANALYSIS = YES;
				CLANG_WARN_STRICT_PROTOTYPES = YES;
				CLANG_WARN_SUSPICIOUS_MOVE = YES;
				CLANG_WARN_UNGUARDED_AVAILABILITY = YES_AGGRESSIVE;
				CLANG_WARN_UNREACHABLE_CODE = YES;
				CLANG_WARN__DUPLICATE_METHOD_MATCH = YES;
				COPY_PHASE_STRIP = NO;
				DEBUG_INFORMATION_FORMAT = dwarf;
				ENABLE_STRICT_OBJC_MSGSEND = YES;
				ENABLE_TESTABILITY = YES;
				GCC_C_LANGUAGE_STANDARD = gnu11;
				GCC_DYNAMIC_NO_PIC = NO;
				GCC_NO_COMMON_BLOCKS = YES;
				GCC_OPTIMIZATION_LEVEL = 0;
				GCC_PREPROCESSOR_DEFINITIONS = (
					"DEBUG=1",
					"$(inherited)",
				);
				GCC_WARN_64_TO_32_BIT_CONVERSION = YES;
				GCC_WARN_ABOUT_RETURN_TYPE = YES_ERROR;
				GCC_WARN_UNDECLARED_SELECTOR = YES;
				GCC_WARN_UNINITIALIZED_AUTOS = YES_AGGRESSIVE;
				GCC_WARN_UNUSED_FUNCTION = YES;
				GCC_WARN_UNUSED_VARIABLE = YES;
				IPHONEOS_DEPLOYMENT_TARGET = 16.1;
				MTL_ENABLE_DEBUG_INFO = INCLUDE_SOURCE;
				MTL_FAST_MATH = YES;
				ONLY_ACTIVE_ARCH = YES;
				SDKROOT = iphoneos;
				SWIFT_ACTIVE_COMPILATION_CONDITIONS = DEBUG;
				SWIFT_OPTIMIZATION_LEVEL = "-Onone";
			};
			name = Debug;
		};
		7B832EB12AD660BD0038F809 /* Release */ = {
			isa = XCBuildConfiguration;
			buildSettings = {
				ALWAYS_SEARCH_USER_PATHS = NO;
				CLANG_ANALYZER_NONNULL = YES;
				CLANG_ANALYZER_NUMBER_OBJECT_CONVERSION = YES_AGGRESSIVE;
				CLANG_CXX_LANGUAGE_STANDARD = "gnu++20";
				CLANG_ENABLE_MODULES = YES;
				CLANG_ENABLE_OBJC_ARC = YES;
				CLANG_ENABLE_OBJC_WEAK = YES;
				CLANG_WARN_BLOCK_CAPTURE_AUTORELEASING = YES;
				CLANG_WARN_BOOL_CONVERSION = YES;
				CLANG_WARN_COMMA = YES;
				CLANG_WARN_CONSTANT_CONVERSION = YES;
				CLANG_WARN_DEPRECATED_OBJC_IMPLEMENTATIONS = YES;
				CLANG_WARN_DIRECT_OBJC_ISA_USAGE = YES_ERROR;
				CLANG_WARN_DOCUMENTATION_COMMENTS = YES;
				CLANG_WARN_EMPTY_BODY = YES;
				CLANG_WARN_ENUM_CONVERSION = YES;
				CLANG_WARN_INFINITE_RECURSION = YES;
				CLANG_WARN_INT_CONVERSION = YES;
				CLANG_WARN_NON_LITERAL_NULL_CONVERSION = YES;
				CLANG_WARN_OBJC_IMPLICIT_RETAIN_SELF = YES;
				CLANG_WARN_OBJC_LITERAL_CONVERSION = YES;
				CLANG_WARN_OBJC_ROOT_CLASS = YES_ERROR;
				CLANG_WARN_QUOTED_INCLUDE_IN_FRAMEWORK_HEADER = YES;
				CLANG_WARN_RANGE_LOOP_ANALYSIS = YES;
				CLANG_WARN_STRICT_PROTOTYPES = YES;
				CLANG_WARN_SUSPICIOUS_MOVE = YES;
				CLANG_WARN_UNGUARDED_AVAILABILITY = YES_AGGRESSIVE;
				CLANG_WARN_UNREACHABLE_CODE = YES;
				CLANG_WARN__DUPLICATE_METHOD_MATCH = YES;
				COPY_PHASE_STRIP = NO;
				DEBUG_INFORMATION_FORMAT = "dwarf-with-dsym";
				ENABLE_NS_ASSERTIONS = NO;
				ENABLE_STRICT_OBJC_MSGSEND = YES;
				GCC_C_LANGUAGE_STANDARD = gnu11;
				GCC_NO_COMMON_BLOCKS = YES;
				GCC_WARN_64_TO_32_BIT_CONVERSION = YES;
				GCC_WARN_ABOUT_RETURN_TYPE = YES_ERROR;
				GCC_WARN_UNDECLARED_SELECTOR = YES;
				GCC_WARN_UNINITIALIZED_AUTOS = YES_AGGRESSIVE;
				GCC_WARN_UNUSED_FUNCTION = YES;
				GCC_WARN_UNUSED_VARIABLE = YES;
				IPHONEOS_DEPLOYMENT_TARGET = 16.1;
				MTL_ENABLE_DEBUG_INFO = NO;
				MTL_FAST_MATH = YES;
				SDKROOT = iphoneos;
				SWIFT_COMPILATION_MODE = wholemodule;
				SWIFT_OPTIMIZATION_LEVEL = "-O";
				VALIDATE_PRODUCT = YES;
			};
			name = Release;
		};
		7B832EB32AD660BD0038F809 /* Debug */ = {
			isa = XCBuildConfiguration;
			baseConfigurationReference = 2DB5E7403A68F2A7A29A2DAC /* Pods-FilmsApp.debug.xcconfig */;
			buildSettings = {
				ASSETCATALOG_COMPILER_APPICON_NAME = AppIcon;
				ASSETCATALOG_COMPILER_GLOBAL_ACCENT_COLOR_NAME = AccentColor;
				CODE_SIGN_STYLE = Automatic;
				CURRENT_PROJECT_VERSION = 1;
				DEVELOPMENT_TEAM = 499H3YDN7T;
				GENERATE_INFOPLIST_FILE = YES;
				INFOPLIST_FILE = FilmsApp/Info.plist;
				INFOPLIST_KEY_UIApplicationSupportsIndirectInputEvents = YES;
				INFOPLIST_KEY_UILaunchStoryboardName = LaunchScreen;
				INFOPLIST_KEY_UISupportedInterfaceOrientations_iPad = "UIInterfaceOrientationPortrait UIInterfaceOrientationPortraitUpsideDown UIInterfaceOrientationLandscapeLeft UIInterfaceOrientationLandscapeRight";
				INFOPLIST_KEY_UISupportedInterfaceOrientations_iPhone = "UIInterfaceOrientationPortrait UIInterfaceOrientationLandscapeLeft UIInterfaceOrientationLandscapeRight";
				LD_RUNPATH_SEARCH_PATHS = (
					"$(inherited)",
					"@executable_path/Frameworks",
				);
				MARKETING_VERSION = 1.0;
				PRODUCT_BUNDLE_IDENTIFIER = com.saaveguillermo.FilmsApp;
				PRODUCT_NAME = "$(TARGET_NAME)";
				SWIFT_EMIT_LOC_STRINGS = YES;
				SWIFT_VERSION = 5.0;
				TARGETED_DEVICE_FAMILY = "1,2";
			};
			name = Debug;
		};
		7B832EB42AD660BD0038F809 /* Release */ = {
			isa = XCBuildConfiguration;
			baseConfigurationReference = 2DB8430934053BFFF117E859 /* Pods-FilmsApp.release.xcconfig */;
			buildSettings = {
				ASSETCATALOG_COMPILER_APPICON_NAME = AppIcon;
				ASSETCATALOG_COMPILER_GLOBAL_ACCENT_COLOR_NAME = AccentColor;
				CODE_SIGN_STYLE = Automatic;
				CURRENT_PROJECT_VERSION = 1;
				DEVELOPMENT_TEAM = 499H3YDN7T;
				GENERATE_INFOPLIST_FILE = YES;
				INFOPLIST_FILE = FilmsApp/Info.plist;
				INFOPLIST_KEY_UIApplicationSupportsIndirectInputEvents = YES;
				INFOPLIST_KEY_UILaunchStoryboardName = LaunchScreen;
				INFOPLIST_KEY_UISupportedInterfaceOrientations_iPad = "UIInterfaceOrientationPortrait UIInterfaceOrientationPortraitUpsideDown UIInterfaceOrientationLandscapeLeft UIInterfaceOrientationLandscapeRight";
				INFOPLIST_KEY_UISupportedInterfaceOrientations_iPhone = "UIInterfaceOrientationPortrait UIInterfaceOrientationLandscapeLeft UIInterfaceOrientationLandscapeRight";
				LD_RUNPATH_SEARCH_PATHS = (
					"$(inherited)",
					"@executable_path/Frameworks",
				);
				MARKETING_VERSION = 1.0;
				PRODUCT_BUNDLE_IDENTIFIER = com.saaveguillermo.FilmsApp;
				PRODUCT_NAME = "$(TARGET_NAME)";
				SWIFT_EMIT_LOC_STRINGS = YES;
				SWIFT_VERSION = 5.0;
				TARGETED_DEVICE_FAMILY = "1,2";
			};
			name = Release;
		};
/* End XCBuildConfiguration section */

/* Begin XCConfigurationList section */
		7B832E992AD660B90038F809 /* Build configuration list for PBXProject "FilmsApp" */ = {
			isa = XCConfigurationList;
			buildConfigurations = (
				7B832EB02AD660BD0038F809 /* Debug */,
				7B832EB12AD660BD0038F809 /* Release */,
			);
			defaultConfigurationIsVisible = 0;
			defaultConfigurationName = Release;
		};
		7B832EB22AD660BD0038F809 /* Build configuration list for PBXNativeTarget "FilmsApp" */ = {
			isa = XCConfigurationList;
			buildConfigurations = (
				7B832EB32AD660BD0038F809 /* Debug */,
				7B832EB42AD660BD0038F809 /* Release */,
			);
			defaultConfigurationIsVisible = 0;
			defaultConfigurationName = Release;
		};
/* End XCConfigurationList section */
	};
	rootObject = 7B832E962AD660B90038F809 /* Project object */;
}
